{
	"requires": true,
	"lockfileVersion": 1,
	"dependencies": {
		"@types/prop-types": {
			"version": "15.7.1",
			"resolved": "https://registry.npmjs.org/@types/prop-types/-/prop-types-15.7.1.tgz",
			"integrity": "sha512-CFzn9idOEpHrgdw8JsoTkaDDyRWk1jrzIV8djzcgpq0y9tG4B4lFT+Nxh52DVpDXV+n4+NPNv7M1Dj5uMp6XFg==",
			"dev": true
		},
		"@types/react": {
			"version": "16.8.4",
			"resolved": "https://registry.npmjs.org/@types/react/-/react-16.8.4.tgz",
			"integrity": "sha512-Mpz1NNMJvrjf0GcDqiK8+YeOydXfD8Mgag3UtqQ5lXYTsMnOiHcKmO48LiSWMb1rSHB9MV/jlgyNzeAVxWMZRQ==",
			"dev": true,
			"requires": {
				"@types/prop-types": "*",
				"csstype": "^2.2.0"
			}
		},
		"csstype": {
			"version": "2.6.4",
			"resolved": "https://registry.npmjs.org/csstype/-/csstype-2.6.4.tgz",
			"integrity": "sha512-lAJUJP3M6HxFXbqtGRc0iZrdyeN+WzOWeY0q/VnFzI+kqVrYIzC7bWlKqCW7oCIdzoPkvfp82EVvrTlQ8zsWQg==",
			"dev": true
		},
		"framer": {
			"version": "1.0.4",
			"resolved": "https://registry.npmjs.org/framer/-/framer-1.0.4.tgz",
			"integrity": "sha512-4e17jGHzWIMXyBfsssw5M7G0x1Xm3ztnJRXFQz3AtClsPMBVAjhDl/LrGrLe2XTMkQaJLjMUZ9FgM972Yia4jw==",
			"requires": {
				"style-value-types": "^3.1.4"
			}
		},
		"hey-listen": {
			"version": "1.0.8",
			"resolved": "https://registry.npmjs.org/hey-listen/-/hey-listen-1.0.8.tgz",
			"integrity": "sha512-COpmrF2NOg4TBWUJ5UVyaCU2A88wEMkUPK4hNqyCkqHbxT92BbvfjoSozkAIIm6XhicGlJHhFdullInrdhwU8Q=="
		},
		"style-value-types": {
			"version": "3.1.4",
			"resolved": "https://registry.npmjs.org/style-value-types/-/style-value-types-3.1.4.tgz",
			"integrity": "sha512-jHxRZWQpx6imY+QIveHTZwGOJWJqX3Cmt6Yk1zCGeQjk4noEsX+lfvFJUmRPpZL3VTrfGrHtjVWTcvcHx/OFhQ==",
			"requires": {
				"hey-listen": "^1.0.8"
			}
		}
	}
}
